
Microsoft Visual Studio Solution File, Format Version 12.00
Project("{FAE04EC0-301F-11D3-BF4B-00C04F79EFBC}") = "FindNumberEvenNumber", "FindNumberEvenNumber\FindNumberEvenNumber.csproj", "{DC05A33F-52F8-49AD-A7A5-F9C02A05DBDA}"
EndProject
Project("{FAE04EC0-301F-11D3-BF4B-00C04F79EFBC}") = "SquaresSortedArray", "SquaresSortedArray\SquaresSortedArray.csproj", "{6BF04203-CB02-47E6-B696-C6D2EF614E9B}"
EndProject
Project("{FAE04EC0-301F-11D3-BF4B-00C04F79EFBC}") = "DuplicateZeros", "DuplicateZeros\DuplicateZeros.csproj", "{EBD29EE7-76F4-4354-A805-194B289295F8}"
EndProject
Project("{FAE04EC0-301F-11D3-BF4B-00C04F79EFBC}") = "MergeSortedArray", "MergeSortedArray\MergeSortedArray.csproj", "{7BD67C02-5E1F-43E2-A87F-643193C72CC2}"
EndProject
Project("{FAE04EC0-301F-11D3-BF4B-00C04F79EFBC}") = "RemoveElement", "RemoveElement\RemoveElement.csproj", "{DE590C57-F3E0-4FFF-A085-9D6AF099255D}"
EndProject
Project("{FAE04EC0-301F-11D3-BF4B-00C04F79EFBC}") = "RemoveDuplicatesSortedArray", "RemoveDuplicatesSortedArray\RemoveDuplicatesSortedArray.csproj", "{C68457E5-FEB1-4600-B07A-D32822A1F6BF}"
EndProject
Project("{FAE04EC0-301F-11D3-BF4B-00C04F79EFBC}") = "Interview", "Interview\Interview.csproj", "{C4B851E9-592A-4709-81A7-AD09F86FC93C}"
EndProject
Global
	GlobalSection(SolutionConfigurationPlatforms) = preSolution
		Debug|Any CPU = Debug|Any CPU
		Release|Any CPU = Release|Any CPU
	EndGlobalSection
	GlobalSection(ProjectConfigurationPlatforms) = postSolution
		{DC05A33F-52F8-49AD-A7A5-F9C02A05DBDA}.Debug|Any CPU.ActiveCfg = Debug|Any CPU
		{DC05A33F-52F8-49AD-A7A5-F9C02A05DBDA}.Debug|Any CPU.Build.0 = Debug|Any CPU
		{DC05A33F-52F8-49AD-A7A5-F9C02A05DBDA}.Release|Any CPU.ActiveCfg = Release|Any CPU
		{DC05A33F-52F8-49AD-A7A5-F9C02A05DBDA}.Release|Any CPU.Build.0 = Release|Any CPU
		{6BF04203-CB02-47E6-B696-C6D2EF614E9B}.Debug|Any CPU.ActiveCfg = Debug|Any CPU
		{6BF04203-CB02-47E6-B696-C6D2EF614E9B}.Debug|Any CPU.Build.0 = Debug|Any CPU
		{6BF04203-CB02-47E6-B696-C6D2EF614E9B}.Release|Any CPU.ActiveCfg = Release|Any CPU
		{6BF04203-CB02-47E6-B696-C6D2EF614E9B}.Release|Any CPU.Build.0 = Release|Any CPU
		{EBD29EE7-76F4-4354-A805-194B289295F8}.Debug|Any CPU.ActiveCfg = Debug|Any CPU
		{EBD29EE7-76F4-4354-A805-194B289295F8}.Debug|Any CPU.Build.0 = Debug|Any CPU
		{EBD29EE7-76F4-4354-A805-194B289295F8}.Release|Any CPU.ActiveCfg = Release|Any CPU
		{EBD29EE7-76F4-4354-A805-194B289295F8}.Release|Any CPU.Build.0 = Release|Any CPU
		{7BD67C02-5E1F-43E2-A87F-643193C72CC2}.Debug|Any CPU.ActiveCfg = Debug|Any CPU
		{7BD67C02-5E1F-43E2-A87F-643193C72CC2}.Debug|Any CPU.Build.0 = Debug|Any CPU
		{7BD67C02-5E1F-43E2-A87F-643193C72CC2}.Release|Any CPU.ActiveCfg = Release|Any CPU
		{7BD67C02-5E1F-43E2-A87F-643193C72CC2}.Release|Any CPU.Build.0 = Release|Any CPU
		{DE590C57-F3E0-4FFF-A085-9D6AF099255D}.Debug|Any CPU.ActiveCfg = Debug|Any CPU
		{DE590C57-F3E0-4FFF-A085-9D6AF099255D}.Debug|Any CPU.Build.0 = Debug|Any CPU
		{DE590C57-F3E0-4FFF-A085-9D6AF099255D}.Release|Any CPU.ActiveCfg = Release|Any CPU
		{DE590C57-F3E0-4FFF-A085-9D6AF099255D}.Release|Any CPU.Build.0 = Release|Any CPU
		{C68457E5-FEB1-4600-B07A-D32822A1F6BF}.Debug|Any CPU.ActiveCfg = Debug|Any CPU
		{C68457E5-FEB1-4600-B07A-D32822A1F6BF}.Debug|Any CPU.Build.0 = Debug|Any CPU
		{C68457E5-FEB1-4600-B07A-D32822A1F6BF}.Release|Any CPU.ActiveCfg = Release|Any CPU
		{C68457E5-FEB1-4600-B07A-D32822A1F6BF}.Release|Any CPU.Build.0 = Release|Any CPU
		{C4B851E9-592A-4709-81A7-AD09F86FC93C}.Debug|Any CPU.ActiveCfg = Debug|Any CPU
		{C4B851E9-592A-4709-81A7-AD09F86FC93C}.Debug|Any CPU.Build.0 = Debug|Any CPU
		{C4B851E9-592A-4709-81A7-AD09F86FC93C}.Release|Any CPU.ActiveCfg = Release|Any CPU
		{C4B851E9-592A-4709-81A7-AD09F86FC93C}.Release|Any CPU.Build.0 = Release|Any CPU
	EndGlobalSection
EndGlobal
