
Microsoft Visual Studio Solution File, Format Version 12.00
Project("{FAE04EC0-301F-11D3-BF4B-00C04F79EFBC}") = "FindNumberEvenNumber", "FindNumberEvenNumber\FindNumberEvenNumber.csproj", "{DC05A33F-52F8-49AD-A7A5-F9C02A05DBDA}"
EndProject
Project("{FAE04EC0-301F-11D3-BF4B-00C04F79EFBC}") = "SquaresSortedArray", "SquaresSortedArray\SquaresSortedArray.csproj", "{6BF04203-CB02-47E6-B696-C6D2EF614E9B}"
EndProject
Project("{FAE04EC0-301F-11D3-BF4B-00C04F79EFBC}") = "DuplicateZeros", "DuplicateZeros\DuplicateZeros.csproj", "{EBD29EE7-76F4-4354-A805-194B289295F8}"
EndProject
Project("{FAE04EC0-301F-11D3-BF4B-00C04F79EFBC}") = "MergeSortedArray", "MergeSortedArray\MergeSortedArray.csproj", "{7BD67C02-5E1F-43E2-A87F-643193C72CC2}"
EndProject
Project("{FAE04EC0-301F-11D3-BF4B-00C04F79EFBC}") = "RemoveElement", "RemoveElement\RemoveElement.csproj", "{DE590C57-F3E0-4FFF-A085-9D6AF099255D}"
EndProject
Project("{FAE04EC0-301F-11D3-BF4B-00C04F79EFBC}") = "RemoveDuplicatesSortedArray", "RemoveDuplicatesSortedArray\RemoveDuplicatesSortedArray.csproj", "{C68457E5-FEB1-4600-B07A-D32822A1F6BF}"
EndProject
Project("{FAE04EC0-301F-11D3-BF4B-00C04F79EFBC}") = "Interview", "Interview\Interview.csproj", "{C4B851E9-592A-4709-81A7-AD09F86FC93C}"
EndProject
Project("{FAE04EC0-301F-11D3-BF4B-00C04F79EFBC}") = "TestEmails", "TestEmails\TestEmails.csproj", "{C7198570-C12C-4E4B-A097-B1ED4D91D428}"
EndProject
Project("{FAE04EC0-301F-11D3-BF4B-00C04F79EFBC}") = "GreatestElement", "GreatestElement\GreatestElement.csproj", "{1FDB51AF-88C0-48E9-A3A7-62C42F825F7A}"
EndProject
Project("{FAE04EC0-301F-11D3-BF4B-00C04F79EFBC}") = "MoveZeroes", "MoveZeroes\MoveZeroes.csproj", "{EF79E319-2A85-4BC8-8622-97B101DFD508}"
EndProject
Project("{FAE04EC0-301F-11D3-BF4B-00C04F79EFBC}") = "SortArrayByParity", "SortArrayByParity\SortArrayByParity.csproj", "{03BD0D36-B079-48AF-8CC6-0961F0D8399E}"
EndProject
Project("{FAE04EC0-301F-11D3-BF4B-00C04F79EFBC}") = "СontainsВuplicate", "СontainsВuplicate\СontainsВuplicate.csproj", "{E66E5BF3-83D0-44D0-9A89-2628F31A43DE}"
EndProject
Project("{FAE04EC0-301F-11D3-BF4B-00C04F79EFBC}") = "GroupAnagrams", "GroupAnagrams\GroupAnagrams.csproj", "{59167C56-10B9-4474-BE63-B9BD2E3CF9F1}"
EndProject
Project("{FAE04EC0-301F-11D3-BF4B-00C04F79EFBC}") = "ProductOfArrayExceptSelf", "ProductOfArrayExceptSelf\ProductOfArrayExceptSelf.csproj", "{ED4A4BEB-4F1B-416E-B6D2-4FDB585264D3}"
EndProject
Project("{FAE04EC0-301F-11D3-BF4B-00C04F79EFBC}") = "ValidPalindrome", "ValidPalindrome\ValidPalindrome.csproj", "{6299DA72-528F-4DE7-9680-8237890225EB}"
EndProject
Project("{FAE04EC0-301F-11D3-BF4B-00C04F79EFBC}") = "Two Sum", "Two Sum\Two Sum.csproj", "{2E8278DA-D448-454B-A3B2-3EDD960D33A7}"
EndProject
Project("{FAE04EC0-301F-11D3-BF4B-00C04F79EFBC}") = "BestTimetoBuyandSellStock", "BestTimetoBuyandSellStock\BestTimetoBuyandSellStock.csproj", "{0ED6C7D8-73D8-4CD2-8939-848FEE9F8F7F}"
EndProject
Project("{FAE04EC0-301F-11D3-BF4B-00C04F79EFBC}") = "LongestConsecutiveSequence", "LongestConsecutiveSequence\LongestConsecutiveSequence.csproj", "{6CD6B72C-A4A0-4DA2-AA06-9C7402348DA1}"
EndProject
Project("{FAE04EC0-301F-11D3-BF4B-00C04F79EFBC}") = "LexGreaterPermutation", "LexGreaterPermutation\LexGreaterPermutation.csproj", "{95F6F4DA-72A0-43EB-B60F-03811844BF1B}"
EndProject
Project("{FAE04EC0-301F-11D3-BF4B-00C04F79EFBC}") = "Training", "Training\Training.csproj", "{6F5D27FB-F996-46D0-B3A6-CEBC4C4723B6}"
EndProject
Project("{FAE04EC0-301F-11D3-BF4B-00C04F79EFBC}") = "TopKFrequentElement", "TopKFrequentElement\TopKFrequentElement.csproj", "{A13C32DC-CB4B-4ECD-B9B6-8BC822E98BC2}"
EndProject
Global
	GlobalSection(SolutionConfigurationPlatforms) = preSolution
		Debug|Any CPU = Debug|Any CPU
		Release|Any CPU = Release|Any CPU
	EndGlobalSection
	GlobalSection(ProjectConfigurationPlatforms) = postSolution
		{DC05A33F-52F8-49AD-A7A5-F9C02A05DBDA}.Debug|Any CPU.ActiveCfg = Debug|Any CPU
		{DC05A33F-52F8-49AD-A7A5-F9C02A05DBDA}.Debug|Any CPU.Build.0 = Debug|Any CPU
		{DC05A33F-52F8-49AD-A7A5-F9C02A05DBDA}.Release|Any CPU.ActiveCfg = Release|Any CPU
		{DC05A33F-52F8-49AD-A7A5-F9C02A05DBDA}.Release|Any CPU.Build.0 = Release|Any CPU
		{6BF04203-CB02-47E6-B696-C6D2EF614E9B}.Debug|Any CPU.ActiveCfg = Debug|Any CPU
		{6BF04203-CB02-47E6-B696-C6D2EF614E9B}.Debug|Any CPU.Build.0 = Debug|Any CPU
		{6BF04203-CB02-47E6-B696-C6D2EF614E9B}.Release|Any CPU.ActiveCfg = Release|Any CPU
		{6BF04203-CB02-47E6-B696-C6D2EF614E9B}.Release|Any CPU.Build.0 = Release|Any CPU
		{EBD29EE7-76F4-4354-A805-194B289295F8}.Debug|Any CPU.ActiveCfg = Debug|Any CPU
		{EBD29EE7-76F4-4354-A805-194B289295F8}.Debug|Any CPU.Build.0 = Debug|Any CPU
		{EBD29EE7-76F4-4354-A805-194B289295F8}.Release|Any CPU.ActiveCfg = Release|Any CPU
		{EBD29EE7-76F4-4354-A805-194B289295F8}.Release|Any CPU.Build.0 = Release|Any CPU
		{7BD67C02-5E1F-43E2-A87F-643193C72CC2}.Debug|Any CPU.ActiveCfg = Debug|Any CPU
		{7BD67C02-5E1F-43E2-A87F-643193C72CC2}.Debug|Any CPU.Build.0 = Debug|Any CPU
		{7BD67C02-5E1F-43E2-A87F-643193C72CC2}.Release|Any CPU.ActiveCfg = Release|Any CPU
		{7BD67C02-5E1F-43E2-A87F-643193C72CC2}.Release|Any CPU.Build.0 = Release|Any CPU
		{DE590C57-F3E0-4FFF-A085-9D6AF099255D}.Debug|Any CPU.ActiveCfg = Debug|Any CPU
		{DE590C57-F3E0-4FFF-A085-9D6AF099255D}.Debug|Any CPU.Build.0 = Debug|Any CPU
		{DE590C57-F3E0-4FFF-A085-9D6AF099255D}.Release|Any CPU.ActiveCfg = Release|Any CPU
		{DE590C57-F3E0-4FFF-A085-9D6AF099255D}.Release|Any CPU.Build.0 = Release|Any CPU
		{C68457E5-FEB1-4600-B07A-D32822A1F6BF}.Debug|Any CPU.ActiveCfg = Debug|Any CPU
		{C68457E5-FEB1-4600-B07A-D32822A1F6BF}.Debug|Any CPU.Build.0 = Debug|Any CPU
		{C68457E5-FEB1-4600-B07A-D32822A1F6BF}.Release|Any CPU.ActiveCfg = Release|Any CPU
		{C68457E5-FEB1-4600-B07A-D32822A1F6BF}.Release|Any CPU.Build.0 = Release|Any CPU
		{C4B851E9-592A-4709-81A7-AD09F86FC93C}.Debug|Any CPU.ActiveCfg = Debug|Any CPU
		{C4B851E9-592A-4709-81A7-AD09F86FC93C}.Debug|Any CPU.Build.0 = Debug|Any CPU
		{C4B851E9-592A-4709-81A7-AD09F86FC93C}.Release|Any CPU.ActiveCfg = Release|Any CPU
		{C4B851E9-592A-4709-81A7-AD09F86FC93C}.Release|Any CPU.Build.0 = Release|Any CPU
		{C7198570-C12C-4E4B-A097-B1ED4D91D428}.Debug|Any CPU.ActiveCfg = Debug|Any CPU
		{C7198570-C12C-4E4B-A097-B1ED4D91D428}.Debug|Any CPU.Build.0 = Debug|Any CPU
		{C7198570-C12C-4E4B-A097-B1ED4D91D428}.Release|Any CPU.ActiveCfg = Release|Any CPU
		{C7198570-C12C-4E4B-A097-B1ED4D91D428}.Release|Any CPU.Build.0 = Release|Any CPU
		{1FDB51AF-88C0-48E9-A3A7-62C42F825F7A}.Debug|Any CPU.ActiveCfg = Debug|Any CPU
		{1FDB51AF-88C0-48E9-A3A7-62C42F825F7A}.Debug|Any CPU.Build.0 = Debug|Any CPU
		{1FDB51AF-88C0-48E9-A3A7-62C42F825F7A}.Release|Any CPU.ActiveCfg = Release|Any CPU
		{1FDB51AF-88C0-48E9-A3A7-62C42F825F7A}.Release|Any CPU.Build.0 = Release|Any CPU
		{EF79E319-2A85-4BC8-8622-97B101DFD508}.Debug|Any CPU.ActiveCfg = Debug|Any CPU
		{EF79E319-2A85-4BC8-8622-97B101DFD508}.Debug|Any CPU.Build.0 = Debug|Any CPU
		{EF79E319-2A85-4BC8-8622-97B101DFD508}.Release|Any CPU.ActiveCfg = Release|Any CPU
		{EF79E319-2A85-4BC8-8622-97B101DFD508}.Release|Any CPU.Build.0 = Release|Any CPU
		{03BD0D36-B079-48AF-8CC6-0961F0D8399E}.Debug|Any CPU.ActiveCfg = Debug|Any CPU
		{03BD0D36-B079-48AF-8CC6-0961F0D8399E}.Debug|Any CPU.Build.0 = Debug|Any CPU
		{03BD0D36-B079-48AF-8CC6-0961F0D8399E}.Release|Any CPU.ActiveCfg = Release|Any CPU
		{03BD0D36-B079-48AF-8CC6-0961F0D8399E}.Release|Any CPU.Build.0 = Release|Any CPU
		{E66E5BF3-83D0-44D0-9A89-2628F31A43DE}.Debug|Any CPU.ActiveCfg = Debug|Any CPU
		{E66E5BF3-83D0-44D0-9A89-2628F31A43DE}.Debug|Any CPU.Build.0 = Debug|Any CPU
		{E66E5BF3-83D0-44D0-9A89-2628F31A43DE}.Release|Any CPU.ActiveCfg = Release|Any CPU
		{E66E5BF3-83D0-44D0-9A89-2628F31A43DE}.Release|Any CPU.Build.0 = Release|Any CPU
		{59167C56-10B9-4474-BE63-B9BD2E3CF9F1}.Debug|Any CPU.ActiveCfg = Debug|Any CPU
		{59167C56-10B9-4474-BE63-B9BD2E3CF9F1}.Debug|Any CPU.Build.0 = Debug|Any CPU
		{59167C56-10B9-4474-BE63-B9BD2E3CF9F1}.Release|Any CPU.ActiveCfg = Release|Any CPU
		{59167C56-10B9-4474-BE63-B9BD2E3CF9F1}.Release|Any CPU.Build.0 = Release|Any CPU
		{ED4A4BEB-4F1B-416E-B6D2-4FDB585264D3}.Debug|Any CPU.ActiveCfg = Debug|Any CPU
		{ED4A4BEB-4F1B-416E-B6D2-4FDB585264D3}.Debug|Any CPU.Build.0 = Debug|Any CPU
		{ED4A4BEB-4F1B-416E-B6D2-4FDB585264D3}.Release|Any CPU.ActiveCfg = Release|Any CPU
		{ED4A4BEB-4F1B-416E-B6D2-4FDB585264D3}.Release|Any CPU.Build.0 = Release|Any CPU
		{6299DA72-528F-4DE7-9680-8237890225EB}.Debug|Any CPU.ActiveCfg = Debug|Any CPU
		{6299DA72-528F-4DE7-9680-8237890225EB}.Debug|Any CPU.Build.0 = Debug|Any CPU
		{6299DA72-528F-4DE7-9680-8237890225EB}.Release|Any CPU.ActiveCfg = Release|Any CPU
		{6299DA72-528F-4DE7-9680-8237890225EB}.Release|Any CPU.Build.0 = Release|Any CPU
		{2E8278DA-D448-454B-A3B2-3EDD960D33A7}.Debug|Any CPU.ActiveCfg = Debug|Any CPU
		{2E8278DA-D448-454B-A3B2-3EDD960D33A7}.Debug|Any CPU.Build.0 = Debug|Any CPU
		{2E8278DA-D448-454B-A3B2-3EDD960D33A7}.Release|Any CPU.ActiveCfg = Release|Any CPU
		{2E8278DA-D448-454B-A3B2-3EDD960D33A7}.Release|Any CPU.Build.0 = Release|Any CPU
		{0ED6C7D8-73D8-4CD2-8939-848FEE9F8F7F}.Debug|Any CPU.ActiveCfg = Debug|Any CPU
		{0ED6C7D8-73D8-4CD2-8939-848FEE9F8F7F}.Debug|Any CPU.Build.0 = Debug|Any CPU
		{0ED6C7D8-73D8-4CD2-8939-848FEE9F8F7F}.Release|Any CPU.ActiveCfg = Release|Any CPU
		{0ED6C7D8-73D8-4CD2-8939-848FEE9F8F7F}.Release|Any CPU.Build.0 = Release|Any CPU
		{6CD6B72C-A4A0-4DA2-AA06-9C7402348DA1}.Debug|Any CPU.ActiveCfg = Debug|Any CPU
		{6CD6B72C-A4A0-4DA2-AA06-9C7402348DA1}.Debug|Any CPU.Build.0 = Debug|Any CPU
		{6CD6B72C-A4A0-4DA2-AA06-9C7402348DA1}.Release|Any CPU.ActiveCfg = Release|Any CPU
		{6CD6B72C-A4A0-4DA2-AA06-9C7402348DA1}.Release|Any CPU.Build.0 = Release|Any CPU
		{95F6F4DA-72A0-43EB-B60F-03811844BF1B}.Debug|Any CPU.ActiveCfg = Debug|Any CPU
		{95F6F4DA-72A0-43EB-B60F-03811844BF1B}.Debug|Any CPU.Build.0 = Debug|Any CPU
		{95F6F4DA-72A0-43EB-B60F-03811844BF1B}.Release|Any CPU.ActiveCfg = Release|Any CPU
		{95F6F4DA-72A0-43EB-B60F-03811844BF1B}.Release|Any CPU.Build.0 = Release|Any CPU
		{6F5D27FB-F996-46D0-B3A6-CEBC4C4723B6}.Debug|Any CPU.ActiveCfg = Debug|Any CPU
		{6F5D27FB-F996-46D0-B3A6-CEBC4C4723B6}.Debug|Any CPU.Build.0 = Debug|Any CPU
		{6F5D27FB-F996-46D0-B3A6-CEBC4C4723B6}.Release|Any CPU.ActiveCfg = Release|Any CPU
		{6F5D27FB-F996-46D0-B3A6-CEBC4C4723B6}.Release|Any CPU.Build.0 = Release|Any CPU
		{A13C32DC-CB4B-4ECD-B9B6-8BC822E98BC2}.Debug|Any CPU.ActiveCfg = Debug|Any CPU
		{A13C32DC-CB4B-4ECD-B9B6-8BC822E98BC2}.Debug|Any CPU.Build.0 = Debug|Any CPU
		{A13C32DC-CB4B-4ECD-B9B6-8BC822E98BC2}.Release|Any CPU.ActiveCfg = Release|Any CPU
		{A13C32DC-CB4B-4ECD-B9B6-8BC822E98BC2}.Release|Any CPU.Build.0 = Release|Any CPU
	EndGlobalSection
EndGlobal
